
Microsoft Visual Studio Solution File, Format Version 12.00
# Visual Studio Version 17
VisualStudioVersion = 17.6.33829.357
MinimumVisualStudioVersion = 10.0.40219.1
Project("{FAE04EC0-301F-11D3-BF4B-00C04F79EFBC}") = "Chip8Emulator", "Chip8Emulator.csproj", "{02F874CE-67BC-4E15-8B37-022EF2328BAC}"
EndProject
Global
	GlobalSection(SolutionConfigurationPlatforms) = preSolution
		Debug|Any CPU = Debug|Any CPU
		Release|Any CPU = Release|Any CPU
	EndGlobalSection
	GlobalSection(ProjectConfigurationPlatforms) = postSolution
		{02F874CE-67BC-4E15-8B37-022EF2328BAC}.Debug|Any CPU.ActiveCfg = Debug|Any CPU
		{02F874CE-67BC-4E15-8B37-022EF2328BAC}.Debug|Any CPU.Build.0 = Debug|Any CPU
		{02F874CE-67BC-4E15-8B37-022EF2328BAC}.Release|Any CPU.ActiveCfg = Release|Any CPU
		{02F874CE-67BC-4E15-8B37-022EF2328BAC}.Release|Any CPU.Build.0 = Release|Any CPU
	EndGlobalSection
	GlobalSection(SolutionProperties) = preSolution
		HideSolutionNode = FALSE
	EndGlobalSection
	GlobalSection(ExtensibilityGlobals) = postSolution
		SolutionGuid = {2C36F651-40FA-4D05-A9E0-0AE92D35D759}
	EndGlobalSection
EndGlobal
